// !$*UTF8*$!
{
	archiveVersion = 1;
	classes = {
	};
	objectVersion = 46;
	objects = {

/* Begin PBXBuildFile section */
		05C8CA32C397ED5A8E7A8CA0 /* Pods_BodyMetrics.framework in Frameworks */ = {isa = PBXBuildFile; fileRef = ED0F968D1D78EB81FBA6BB6B /* Pods_BodyMetrics.framework */; };
		C128612A1C077CA400B1B5A2 /* PlannerViewController.swift in Sources */ = {isa = PBXBuildFile; fileRef = C12861281C077CA400B1B5A2 /* PlannerViewController.swift */; };
		C128612B1C077CA400B1B5A2 /* PlannerViewController.xib in Resources */ = {isa = PBXBuildFile; fileRef = C12861291C077CA400B1B5A2 /* PlannerViewController.xib */; };
		C155956D1C051D71002D6DB5 /* PickerModalViewController.swift in Sources */ = {isa = PBXBuildFile; fileRef = C155956B1C051D71002D6DB5 /* PickerModalViewController.swift */; };
		C155956E1C051D71002D6DB5 /* PickerModalViewController.xib in Resources */ = {isa = PBXBuildFile; fileRef = C155956C1C051D71002D6DB5 /* PickerModalViewController.xib */; };
		C15682DA1C038E00000479B0 /* ManualMacroEntryViewController.swift in Sources */ = {isa = PBXBuildFile; fileRef = C15682D81C038E00000479B0 /* ManualMacroEntryViewController.swift */; };
		C15682DB1C038E00000479B0 /* ManualMacroEntryViewController.xib in Resources */ = {isa = PBXBuildFile; fileRef = C15682D91C038E00000479B0 /* ManualMacroEntryViewController.xib */; };
		C15682DE1C038ECF000479B0 /* FormCollectionViewCell.swift in Sources */ = {isa = PBXBuildFile; fileRef = C15682DC1C038ECF000479B0 /* FormCollectionViewCell.swift */; };
		C15682DF1C038ECF000479B0 /* FormCollectionViewCell.xib in Resources */ = {isa = PBXBuildFile; fileRef = C15682DD1C038ECF000479B0 /* FormCollectionViewCell.xib */; };
		C18BB7A51C06E1000071CB04 /* GradientView.swift in Sources */ = {isa = PBXBuildFile; fileRef = C18BB7A41C06E1000071CB04 /* GradientView.swift */; };
		C18BB7A81C06F2D10071CB04 /* SettingsTableViewCell.swift in Sources */ = {isa = PBXBuildFile; fileRef = C18BB7A61C06F2D10071CB04 /* SettingsTableViewCell.swift */; };
		C18BB7A91C06F2D10071CB04 /* SettingsTableViewCell.xib in Resources */ = {isa = PBXBuildFile; fileRef = C18BB7A71C06F2D10071CB04 /* SettingsTableViewCell.xib */; };
		C19911711BFBEE9F003C97D3 /* MeterView.xib in Resources */ = {isa = PBXBuildFile; fileRef = C19911701BFBEE9F003C97D3 /* MeterView.xib */; };
		C1B20F921BFBE9A7002C72E9 /* AppDelegate.swift in Sources */ = {isa = PBXBuildFile; fileRef = C1B20F911BFBE9A7002C72E9 /* AppDelegate.swift */; };
		C1B20F941BFBE9A7002C72E9 /* ViewController.swift in Sources */ = {isa = PBXBuildFile; fileRef = C1B20F931BFBE9A7002C72E9 /* ViewController.swift */; };
		C1B20F971BFBE9A7002C72E9 /* Main.storyboard in Resources */ = {isa = PBXBuildFile; fileRef = C1B20F951BFBE9A7002C72E9 /* Main.storyboard */; };
		C1B20F991BFBE9A7002C72E9 /* Assets.xcassets in Resources */ = {isa = PBXBuildFile; fileRef = C1B20F981BFBE9A7002C72E9 /* Assets.xcassets */; };
		C1B20F9C1BFBE9A7002C72E9 /* LaunchScreen.storyboard in Resources */ = {isa = PBXBuildFile; fileRef = C1B20F9A1BFBE9A7002C72E9 /* LaunchScreen.storyboard */; };
		C1B20FA71BFBE9A7002C72E9 /* BodyMetricsTests.swift in Sources */ = {isa = PBXBuildFile; fileRef = C1B20FA61BFBE9A7002C72E9 /* BodyMetricsTests.swift */; };
		C1B20FB21BFBE9A7002C72E9 /* BodyMetricsUITests.swift in Sources */ = {isa = PBXBuildFile; fileRef = C1B20FB11BFBE9A7002C72E9 /* BodyMetricsUITests.swift */; };
		C1B20FC11BFBE9E5002C72E9 /* HomeViewController.swift in Sources */ = {isa = PBXBuildFile; fileRef = C1B20FBF1BFBE9E5002C72E9 /* HomeViewController.swift */; };
		C1B20FC21BFBE9E5002C72E9 /* HomeViewController.xib in Resources */ = {isa = PBXBuildFile; fileRef = C1B20FC01BFBE9E5002C72E9 /* HomeViewController.xib */; };
		C1B20FCE1BFBEA31002C72E9 /* UIImage+.swift in Sources */ = {isa = PBXBuildFile; fileRef = C1B20FC41BFBEA31002C72E9 /* UIImage+.swift */; };
		C1B20FCF1BFBEA31002C72E9 /* UILabel+.swift in Sources */ = {isa = PBXBuildFile; fileRef = C1B20FC51BFBEA31002C72E9 /* UILabel+.swift */; };
		C1B20FD01BFBEA31002C72E9 /* UILabelWithPadding.swift in Sources */ = {isa = PBXBuildFile; fileRef = C1B20FC61BFBEA31002C72E9 /* UILabelWithPadding.swift */; };
		C1B20FD11BFBEA31002C72E9 /* UIView+.swift in Sources */ = {isa = PBXBuildFile; fileRef = C1B20FC71BFBEA31002C72E9 /* UIView+.swift */; };
		C1B20FD21BFBEA31002C72E9 /* UIEdgeInsets+.swift in Sources */ = {isa = PBXBuildFile; fileRef = C1B20FC81BFBEA31002C72E9 /* UIEdgeInsets+.swift */; };
		C1B20FD31BFBEA31002C72E9 /* CGRect+.swift in Sources */ = {isa = PBXBuildFile; fileRef = C1B20FC91BFBEA31002C72E9 /* CGRect+.swift */; };
		C1B20FD41BFBEA31002C72E9 /* String+.swift in Sources */ = {isa = PBXBuildFile; fileRef = C1B20FCA1BFBEA31002C72E9 /* String+.swift */; };
		C1B20FD51BFBEA31002C72E9 /* UIViewController+.swift in Sources */ = {isa = PBXBuildFile; fileRef = C1B20FCB1BFBEA31002C72E9 /* UIViewController+.swift */; };
		C1B20FD61BFBEA31002C72E9 /* UITextField+.swift in Sources */ = {isa = PBXBuildFile; fileRef = C1B20FCC1BFBEA31002C72E9 /* UITextField+.swift */; };
		C1B20FD71BFBEA31002C72E9 /* UIColor+.swift in Sources */ = {isa = PBXBuildFile; fileRef = C1B20FCD1BFBEA31002C72E9 /* UIColor+.swift */; };
		C1B20FDA1BFBEA54002C72E9 /* Styles.swift in Sources */ = {isa = PBXBuildFile; fileRef = C1B20FD91BFBEA54002C72E9 /* Styles.swift */; };
		C1B20FEC1BFBEC32002C72E9 /* TextUtils.swift in Sources */ = {isa = PBXBuildFile; fileRef = C1B20FE71BFBEC32002C72E9 /* TextUtils.swift */; };
		C1B20FED1BFBEC32002C72E9 /* WebUrlRegularExpressionConstants.swift in Sources */ = {isa = PBXBuildFile; fileRef = C1B20FE81BFBEC32002C72E9 /* WebUrlRegularExpressionConstants.swift */; };
		C1B20FEE1BFBEC32002C72E9 /* KeyboardObserver.swift in Sources */ = {isa = PBXBuildFile; fileRef = C1B20FE91BFBEC32002C72E9 /* KeyboardObserver.swift */; };
		C1B20FEF1BFBEC32002C72E9 /* KeyboardUtils.swift in Sources */ = {isa = PBXBuildFile; fileRef = C1B20FEA1BFBEC32002C72E9 /* KeyboardUtils.swift */; };
		C1B20FF01BFBEC32002C72E9 /* PlaceholderTextView.swift in Sources */ = {isa = PBXBuildFile; fileRef = C1B20FEB1BFBEC32002C72E9 /* PlaceholderTextView.swift */; };
		C1B20FFD1BFBED69002C72E9 /* BlenderPro-Bold.otf in Resources */ = {isa = PBXBuildFile; fileRef = C1B20FF41BFBED69002C72E9 /* BlenderPro-Bold.otf */; };
		C1B20FFE1BFBED69002C72E9 /* BlenderPro-BoldItalic.otf in Resources */ = {isa = PBXBuildFile; fileRef = C1B20FF51BFBED69002C72E9 /* BlenderPro-BoldItalic.otf */; };
		C1B20FFF1BFBED69002C72E9 /* BlenderPro-Book.otf in Resources */ = {isa = PBXBuildFile; fileRef = C1B20FF61BFBED69002C72E9 /* BlenderPro-Book.otf */; };
		C1B210001BFBED69002C72E9 /* BlenderPro-BookItalic.otf in Resources */ = {isa = PBXBuildFile; fileRef = C1B20FF71BFBED69002C72E9 /* BlenderPro-BookItalic.otf */; };
		C1B210011BFBED69002C72E9 /* BlenderPro-Heavy.otf in Resources */ = {isa = PBXBuildFile; fileRef = C1B20FF81BFBED69002C72E9 /* BlenderPro-Heavy.otf */; };
		C1B210021BFBED69002C72E9 /* BlenderPro-Medium.otf in Resources */ = {isa = PBXBuildFile; fileRef = C1B20FF91BFBED69002C72E9 /* BlenderPro-Medium.otf */; };
		C1B210031BFBED69002C72E9 /* BlenderPro-MediumItalic.otf in Resources */ = {isa = PBXBuildFile; fileRef = C1B20FFA1BFBED69002C72E9 /* BlenderPro-MediumItalic.otf */; };
		C1B210041BFBED69002C72E9 /* BlenderPro-Thin.otf in Resources */ = {isa = PBXBuildFile; fileRef = C1B20FFB1BFBED69002C72E9 /* BlenderPro-Thin.otf */; };
		C1B210051BFBED69002C72E9 /* BlenderPro-ThinItalic.otf in Resources */ = {isa = PBXBuildFile; fileRef = C1B20FFC1BFBED69002C72E9 /* BlenderPro-ThinItalic.otf */; };
		C1B210081BFBEE22002C72E9 /* MeterView.swift in Sources */ = {isa = PBXBuildFile; fileRef = C1B210071BFBEE22002C72E9 /* MeterView.swift */; };
		C1B2100C1BFC4D2A002C72E9 /* Bolts.framework in Frameworks */ = {isa = PBXBuildFile; fileRef = C1B2100A1BFC4D2A002C72E9 /* Bolts.framework */; };
		C1B2100D1BFC4D2A002C72E9 /* Parse.framework in Frameworks */ = {isa = PBXBuildFile; fileRef = C1B2100B1BFC4D2A002C72E9 /* Parse.framework */; };
		C1B2100F1BFC4D31002C72E9 /* ParseCrashReporting.framework in Frameworks */ = {isa = PBXBuildFile; fileRef = C1B2100E1BFC4D31002C72E9 /* ParseCrashReporting.framework */; };
		C1B210111BFC4D57002C72E9 /* AudioToolbox.framework in Frameworks */ = {isa = PBXBuildFile; fileRef = C1B210101BFC4D57002C72E9 /* AudioToolbox.framework */; };
		C1B210131BFC4D5B002C72E9 /* CFNetwork.framework in Frameworks */ = {isa = PBXBuildFile; fileRef = C1B210121BFC4D5B002C72E9 /* CFNetwork.framework */; };
		C1B210151BFC4D61002C72E9 /* CoreGraphics.framework in Frameworks */ = {isa = PBXBuildFile; fileRef = C1B210141BFC4D61002C72E9 /* CoreGraphics.framework */; };
		C1B210171BFC4D66002C72E9 /* CoreLocation.framework in Frameworks */ = {isa = PBXBuildFile; fileRef = C1B210161BFC4D66002C72E9 /* CoreLocation.framework */; };
		C1B210191BFC4D6C002C72E9 /* QuartzCore.framework in Frameworks */ = {isa = PBXBuildFile; fileRef = C1B210181BFC4D6C002C72E9 /* QuartzCore.framework */; };
		C1B2101B1BFC4D72002C72E9 /* Security.framework in Frameworks */ = {isa = PBXBuildFile; fileRef = C1B2101A1BFC4D72002C72E9 /* Security.framework */; };
		C1B2101D1BFC4D77002C72E9 /* StoreKit.framework in Frameworks */ = {isa = PBXBuildFile; fileRef = C1B2101C1BFC4D77002C72E9 /* StoreKit.framework */; };
		C1B2101F1BFC4D7C002C72E9 /* SystemConfiguration.framework in Frameworks */ = {isa = PBXBuildFile; fileRef = C1B2101E1BFC4D7C002C72E9 /* SystemConfiguration.framework */; };
		C1B210211BFC4D82002C72E9 /* libz.tbd in Frameworks */ = {isa = PBXBuildFile; fileRef = C1B210201BFC4D82002C72E9 /* libz.tbd */; };
		C1B210231BFC4D88002C72E9 /* libsqlite3.tbd in Frameworks */ = {isa = PBXBuildFile; fileRef = C1B210221BFC4D88002C72E9 /* libsqlite3.tbd */; };
		C1B210271BFD0574002C72E9 /* FoodSearchViewController.swift in Sources */ = {isa = PBXBuildFile; fileRef = C1B210251BFD0574002C72E9 /* FoodSearchViewController.swift */; };
		C1B210281BFD0574002C72E9 /* FoodSearchViewController.xib in Resources */ = {isa = PBXBuildFile; fileRef = C1B210261BFD0574002C72E9 /* FoodSearchViewController.xib */; };
		C1B2102B1BFD0757002C72E9 /* SearchResultsCollectionViewCell.swift in Sources */ = {isa = PBXBuildFile; fileRef = C1B210291BFD0757002C72E9 /* SearchResultsCollectionViewCell.swift */; };
		C1B2102C1BFD0757002C72E9 /* SearchResultsCollectionViewCell.xib in Resources */ = {isa = PBXBuildFile; fileRef = C1B2102A1BFD0757002C72E9 /* SearchResultsCollectionViewCell.xib */; };
		C1B2102F1BFE45E0002C72E9 /* CustomNavigationController.swift in Sources */ = {isa = PBXBuildFile; fileRef = C1B2102E1BFE45E0002C72E9 /* CustomNavigationController.swift */; };
		C1B210331BFE4702002C72E9 /* FoodDetailViewController.swift in Sources */ = {isa = PBXBuildFile; fileRef = C1B210311BFE4702002C72E9 /* FoodDetailViewController.swift */; };
		C1B210341BFE4702002C72E9 /* FoodDetailViewController.xib in Resources */ = {isa = PBXBuildFile; fileRef = C1B210321BFE4702002C72E9 /* FoodDetailViewController.xib */; };
		C1B210371BFE8491002C72E9 /* fruit-loops.jpg in Resources */ = {isa = PBXBuildFile; fileRef = C1B210361BFE8491002C72E9 /* fruit-loops.jpg */; };
		C1B210391BFF95B0002C72E9 /* MDRotatingPieChart.swift in Sources */ = {isa = PBXBuildFile; fileRef = C1B210381BFF95B0002C72E9 /* MDRotatingPieChart.swift */; };
		C1B210771BFFA8C4002C72E9 /* Double+.swift in Sources */ = {isa = PBXBuildFile; fileRef = C1B210761BFFA8C4002C72E9 /* Double+.swift */; };
		C1DEF2F71C03C5D400DFB7F0 /* MainTabBarController.swift in Sources */ = {isa = PBXBuildFile; fileRef = C1DEF2F61C03C5D400DFB7F0 /* MainTabBarController.swift */; };
		C1DEF2FB1C03C62100DFB7F0 /* SettingsViewController.swift in Sources */ = {isa = PBXBuildFile; fileRef = C1DEF2F91C03C62100DFB7F0 /* SettingsViewController.swift */; };
		C1DEF2FC1C03C62100DFB7F0 /* SettingsViewController.xib in Resources */ = {isa = PBXBuildFile; fileRef = C1DEF2FA1C03C62100DFB7F0 /* SettingsViewController.xib */; };
		C1DEF3021C03D2BB00DFB7F0 /* SettingsCellDataModel.swift in Sources */ = {isa = PBXBuildFile; fileRef = C1DEF3011C03D2BB00DFB7F0 /* SettingsCellDataModel.swift */; };
		C1DEF3041C03D2CC00DFB7F0 /* SettingsDataManager.swift in Sources */ = {isa = PBXBuildFile; fileRef = C1DEF3031C03D2CC00DFB7F0 /* SettingsDataManager.swift */; };
		C1DEF30C1C03D62B00DFB7F0 /* ProfileViewController.swift in Sources */ = {isa = PBXBuildFile; fileRef = C1DEF30A1C03D62B00DFB7F0 /* ProfileViewController.swift */; };
		C1DEF30D1C03D62B00DFB7F0 /* ProfileViewController.xib in Resources */ = {isa = PBXBuildFile; fileRef = C1DEF30B1C03D62B00DFB7F0 /* ProfileViewController.xib */; };
		C1DEF3111C03D68100DFB7F0 /* FormWithSegmentControlCollectionViewCell.swift in Sources */ = {isa = PBXBuildFile; fileRef = C1DEF30F1C03D68100DFB7F0 /* FormWithSegmentControlCollectionViewCell.swift */; };
		C1DEF3121C03D68100DFB7F0 /* FormWithSegmentControlCollectionViewCell.xib in Resources */ = {isa = PBXBuildFile; fileRef = C1DEF3101C03D68100DFB7F0 /* FormWithSegmentControlCollectionViewCell.xib */; };
		C1DEF3151C03D92C00DFB7F0 /* FormWithTextFieldCollectionViewCell.swift in Sources */ = {isa = PBXBuildFile; fileRef = C1DEF3131C03D92C00DFB7F0 /* FormWithTextFieldCollectionViewCell.swift */; };
		C1DEF3161C03D92C00DFB7F0 /* FormWithTextFieldCollectionViewCell.xib in Resources */ = {isa = PBXBuildFile; fileRef = C1DEF3141C03D92C00DFB7F0 /* FormWithTextFieldCollectionViewCell.xib */; };
		C1DEF3191C04F1C100DFB7F0 /* FormWithPickerViewCollectionViewCell.swift in Sources */ = {isa = PBXBuildFile; fileRef = C1DEF3171C04F1C100DFB7F0 /* FormWithPickerViewCollectionViewCell.swift */; };
		C1DEF31A1C04F1C100DFB7F0 /* FormWithPickerViewCollectionViewCell.xib in Resources */ = {isa = PBXBuildFile; fileRef = C1DEF3181C04F1C100DFB7F0 /* FormWithPickerViewCollectionViewCell.xib */; };
		C1DEF31C1C05137000DFB7F0 /* PickerModalView.swift in Sources */ = {isa = PBXBuildFile; fileRef = C1DEF31B1C05137000DFB7F0 /* PickerModalView.swift */; };
		C1DEF31E1C05138100DFB7F0 /* PickerModalView.xib in Resources */ = {isa = PBXBuildFile; fileRef = C1DEF31D1C05138100DFB7F0 /* PickerModalView.xib */; };
/* End PBXBuildFile section */

/* Begin PBXContainerItemProxy section */
		C1B20FA31BFBE9A7002C72E9 /* PBXContainerItemProxy */ = {
			isa = PBXContainerItemProxy;
			containerPortal = C1B20F861BFBE9A7002C72E9 /* Project object */;
			proxyType = 1;
			remoteGlobalIDString = C1B20F8D1BFBE9A7002C72E9;
			remoteInfo = BodyMetrics;
		};
		C1B20FAE1BFBE9A7002C72E9 /* PBXContainerItemProxy */ = {
			isa = PBXContainerItemProxy;
			containerPortal = C1B20F861BFBE9A7002C72E9 /* Project object */;
			proxyType = 1;
			remoteGlobalIDString = C1B20F8D1BFBE9A7002C72E9;
			remoteInfo = BodyMetrics;
		};
/* End PBXContainerItemProxy section */

/* Begin PBXFileReference section */
		3E2E0F2B41546CA659394006 /* Pods-BodyMetrics.debug.xcconfig */ = {isa = PBXFileReference; includeInIndex = 1; lastKnownFileType = text.xcconfig; name = "Pods-BodyMetrics.debug.xcconfig"; path = "Pods/Target Support Files/Pods-BodyMetrics/Pods-BodyMetrics.debug.xcconfig"; sourceTree = "<group>"; };
		A47138EF96DC9527A779C96B /* Pods-BodyMetrics.release.xcconfig */ = {isa = PBXFileReference; includeInIndex = 1; lastKnownFileType = text.xcconfig; name = "Pods-BodyMetrics.release.xcconfig"; path = "Pods/Target Support Files/Pods-BodyMetrics/Pods-BodyMetrics.release.xcconfig"; sourceTree = "<group>"; };
		C12861281C077CA400B1B5A2 /* PlannerViewController.swift */ = {isa = PBXFileReference; fileEncoding = 4; lastKnownFileType = sourcecode.swift; path = PlannerViewController.swift; sourceTree = "<group>"; };
		C12861291C077CA400B1B5A2 /* PlannerViewController.xib */ = {isa = PBXFileReference; fileEncoding = 4; lastKnownFileType = file.xib; path = PlannerViewController.xib; sourceTree = "<group>"; };
		C155956B1C051D71002D6DB5 /* PickerModalViewController.swift */ = {isa = PBXFileReference; fileEncoding = 4; lastKnownFileType = sourcecode.swift; path = PickerModalViewController.swift; sourceTree = "<group>"; };
		C155956C1C051D71002D6DB5 /* PickerModalViewController.xib */ = {isa = PBXFileReference; fileEncoding = 4; lastKnownFileType = file.xib; path = PickerModalViewController.xib; sourceTree = "<group>"; };
		C15682D81C038E00000479B0 /* ManualMacroEntryViewController.swift */ = {isa = PBXFileReference; fileEncoding = 4; lastKnownFileType = sourcecode.swift; path = ManualMacroEntryViewController.swift; sourceTree = "<group>"; };
		C15682D91C038E00000479B0 /* ManualMacroEntryViewController.xib */ = {isa = PBXFileReference; fileEncoding = 4; lastKnownFileType = file.xib; path = ManualMacroEntryViewController.xib; sourceTree = "<group>"; };
		C15682DC1C038ECF000479B0 /* FormCollectionViewCell.swift */ = {isa = PBXFileReference; fileEncoding = 4; lastKnownFileType = sourcecode.swift; path = FormCollectionViewCell.swift; sourceTree = "<group>"; };
		C15682DD1C038ECF000479B0 /* FormCollectionViewCell.xib */ = {isa = PBXFileReference; fileEncoding = 4; lastKnownFileType = file.xib; path = FormCollectionViewCell.xib; sourceTree = "<group>"; };
		C184AFC11C0783FF003AB926 /* BodyMetricsBridging.h */ = {isa = PBXFileReference; fileEncoding = 4; lastKnownFileType = sourcecode.c.h; path = BodyMetricsBridging.h; sourceTree = "<group>"; };
		C18BB7A41C06E1000071CB04 /* GradientView.swift */ = {isa = PBXFileReference; fileEncoding = 4; lastKnownFileType = sourcecode.swift; path = GradientView.swift; sourceTree = "<group>"; };
		C18BB7A61C06F2D10071CB04 /* SettingsTableViewCell.swift */ = {isa = PBXFileReference; fileEncoding = 4; lastKnownFileType = sourcecode.swift; path = SettingsTableViewCell.swift; sourceTree = "<group>"; };
		C18BB7A71C06F2D10071CB04 /* SettingsTableViewCell.xib */ = {isa = PBXFileReference; fileEncoding = 4; lastKnownFileType = file.xib; path = SettingsTableViewCell.xib; sourceTree = "<group>"; };
		C19911701BFBEE9F003C97D3 /* MeterView.xib */ = {isa = PBXFileReference; fileEncoding = 4; lastKnownFileType = file.xib; path = MeterView.xib; sourceTree = "<group>"; };
		C1B20F8E1BFBE9A7002C72E9 /* BodyMetrics.app */ = {isa = PBXFileReference; explicitFileType = wrapper.application; includeInIndex = 0; path = BodyMetrics.app; sourceTree = BUILT_PRODUCTS_DIR; };
		C1B20F911BFBE9A7002C72E9 /* AppDelegate.swift */ = {isa = PBXFileReference; lastKnownFileType = sourcecode.swift; path = AppDelegate.swift; sourceTree = "<group>"; };
		C1B20F931BFBE9A7002C72E9 /* ViewController.swift */ = {isa = PBXFileReference; lastKnownFileType = sourcecode.swift; path = ViewController.swift; sourceTree = "<group>"; };
		C1B20F961BFBE9A7002C72E9 /* Base */ = {isa = PBXFileReference; lastKnownFileType = file.storyboard; name = Base; path = Base.lproj/Main.storyboard; sourceTree = "<group>"; };
		C1B20F981BFBE9A7002C72E9 /* Assets.xcassets */ = {isa = PBXFileReference; lastKnownFileType = folder.assetcatalog; path = Assets.xcassets; sourceTree = "<group>"; };
		C1B20F9B1BFBE9A7002C72E9 /* Base */ = {isa = PBXFileReference; lastKnownFileType = file.storyboard; name = Base; path = Base.lproj/LaunchScreen.storyboard; sourceTree = "<group>"; };
		C1B20F9D1BFBE9A7002C72E9 /* Info.plist */ = {isa = PBXFileReference; lastKnownFileType = text.plist.xml; path = Info.plist; sourceTree = "<group>"; };
		C1B20FA21BFBE9A7002C72E9 /* BodyMetricsTests.xctest */ = {isa = PBXFileReference; explicitFileType = wrapper.cfbundle; includeInIndex = 0; path = BodyMetricsTests.xctest; sourceTree = BUILT_PRODUCTS_DIR; };
		C1B20FA61BFBE9A7002C72E9 /* BodyMetricsTests.swift */ = {isa = PBXFileReference; lastKnownFileType = sourcecode.swift; path = BodyMetricsTests.swift; sourceTree = "<group>"; };
		C1B20FA81BFBE9A7002C72E9 /* Info.plist */ = {isa = PBXFileReference; lastKnownFileType = text.plist.xml; path = Info.plist; sourceTree = "<group>"; };
		C1B20FAD1BFBE9A7002C72E9 /* BodyMetricsUITests.xctest */ = {isa = PBXFileReference; explicitFileType = wrapper.cfbundle; includeInIndex = 0; path = BodyMetricsUITests.xctest; sourceTree = BUILT_PRODUCTS_DIR; };
		C1B20FB11BFBE9A7002C72E9 /* BodyMetricsUITests.swift */ = {isa = PBXFileReference; lastKnownFileType = sourcecode.swift; path = BodyMetricsUITests.swift; sourceTree = "<group>"; };
		C1B20FB31BFBE9A7002C72E9 /* Info.plist */ = {isa = PBXFileReference; lastKnownFileType = text.plist.xml; path = Info.plist; sourceTree = "<group>"; };
		C1B20FBF1BFBE9E5002C72E9 /* HomeViewController.swift */ = {isa = PBXFileReference; fileEncoding = 4; lastKnownFileType = sourcecode.swift; path = HomeViewController.swift; sourceTree = "<group>"; };
		C1B20FC01BFBE9E5002C72E9 /* HomeViewController.xib */ = {isa = PBXFileReference; fileEncoding = 4; lastKnownFileType = file.xib; path = HomeViewController.xib; sourceTree = "<group>"; };
		C1B20FC41BFBEA31002C72E9 /* UIImage+.swift */ = {isa = PBXFileReference; fileEncoding = 4; lastKnownFileType = sourcecode.swift; path = "UIImage+.swift"; sourceTree = "<group>"; };
		C1B20FC51BFBEA31002C72E9 /* UILabel+.swift */ = {isa = PBXFileReference; fileEncoding = 4; lastKnownFileType = sourcecode.swift; path = "UILabel+.swift"; sourceTree = "<group>"; };
		C1B20FC61BFBEA31002C72E9 /* UILabelWithPadding.swift */ = {isa = PBXFileReference; fileEncoding = 4; lastKnownFileType = sourcecode.swift; path = UILabelWithPadding.swift; sourceTree = "<group>"; };
		C1B20FC71BFBEA31002C72E9 /* UIView+.swift */ = {isa = PBXFileReference; fileEncoding = 4; lastKnownFileType = sourcecode.swift; path = "UIView+.swift"; sourceTree = "<group>"; };
		C1B20FC81BFBEA31002C72E9 /* UIEdgeInsets+.swift */ = {isa = PBXFileReference; fileEncoding = 4; lastKnownFileType = sourcecode.swift; path = "UIEdgeInsets+.swift"; sourceTree = "<group>"; };
		C1B20FC91BFBEA31002C72E9 /* CGRect+.swift */ = {isa = PBXFileReference; fileEncoding = 4; lastKnownFileType = sourcecode.swift; path = "CGRect+.swift"; sourceTree = "<group>"; };
		C1B20FCA1BFBEA31002C72E9 /* String+.swift */ = {isa = PBXFileReference; fileEncoding = 4; lastKnownFileType = sourcecode.swift; path = "String+.swift"; sourceTree = "<group>"; };
		C1B20FCB1BFBEA31002C72E9 /* UIViewController+.swift */ = {isa = PBXFileReference; fileEncoding = 4; lastKnownFileType = sourcecode.swift; path = "UIViewController+.swift"; sourceTree = "<group>"; };
		C1B20FCC1BFBEA31002C72E9 /* UITextField+.swift */ = {isa = PBXFileReference; fileEncoding = 4; lastKnownFileType = sourcecode.swift; path = "UITextField+.swift"; sourceTree = "<group>"; };
		C1B20FCD1BFBEA31002C72E9 /* UIColor+.swift */ = {isa = PBXFileReference; fileEncoding = 4; lastKnownFileType = sourcecode.swift; path = "UIColor+.swift"; sourceTree = "<group>"; };
		C1B20FD91BFBEA54002C72E9 /* Styles.swift */ = {isa = PBXFileReference; fileEncoding = 4; lastKnownFileType = sourcecode.swift; path = Styles.swift; sourceTree = "<group>"; };
		C1B20FE71BFBEC32002C72E9 /* TextUtils.swift */ = {isa = PBXFileReference; fileEncoding = 4; lastKnownFileType = sourcecode.swift; path = TextUtils.swift; sourceTree = "<group>"; };
		C1B20FE81BFBEC32002C72E9 /* WebUrlRegularExpressionConstants.swift */ = {isa = PBXFileReference; fileEncoding = 4; lastKnownFileType = sourcecode.swift; path = WebUrlRegularExpressionConstants.swift; sourceTree = "<group>"; };
		C1B20FE91BFBEC32002C72E9 /* KeyboardObserver.swift */ = {isa = PBXFileReference; fileEncoding = 4; lastKnownFileType = sourcecode.swift; path = KeyboardObserver.swift; sourceTree = "<group>"; };
		C1B20FEA1BFBEC32002C72E9 /* KeyboardUtils.swift */ = {isa = PBXFileReference; fileEncoding = 4; lastKnownFileType = sourcecode.swift; path = KeyboardUtils.swift; sourceTree = "<group>"; };
		C1B20FEB1BFBEC32002C72E9 /* PlaceholderTextView.swift */ = {isa = PBXFileReference; fileEncoding = 4; lastKnownFileType = sourcecode.swift; path = PlaceholderTextView.swift; sourceTree = "<group>"; };
		C1B20FF41BFBED69002C72E9 /* BlenderPro-Bold.otf */ = {isa = PBXFileReference; lastKnownFileType = file; name = "BlenderPro-Bold.otf"; path = "Fonts/BlenderPro-Bold.otf"; sourceTree = "<group>"; };
		C1B20FF51BFBED69002C72E9 /* BlenderPro-BoldItalic.otf */ = {isa = PBXFileReference; lastKnownFileType = file; name = "BlenderPro-BoldItalic.otf"; path = "Fonts/BlenderPro-BoldItalic.otf"; sourceTree = "<group>"; };
		C1B20FF61BFBED69002C72E9 /* BlenderPro-Book.otf */ = {isa = PBXFileReference; lastKnownFileType = file; name = "BlenderPro-Book.otf"; path = "Fonts/BlenderPro-Book.otf"; sourceTree = "<group>"; };
		C1B20FF71BFBED69002C72E9 /* BlenderPro-BookItalic.otf */ = {isa = PBXFileReference; lastKnownFileType = file; name = "BlenderPro-BookItalic.otf"; path = "Fonts/BlenderPro-BookItalic.otf"; sourceTree = "<group>"; };
		C1B20FF81BFBED69002C72E9 /* BlenderPro-Heavy.otf */ = {isa = PBXFileReference; lastKnownFileType = file; name = "BlenderPro-Heavy.otf"; path = "Fonts/BlenderPro-Heavy.otf"; sourceTree = "<group>"; };
		C1B20FF91BFBED69002C72E9 /* BlenderPro-Medium.otf */ = {isa = PBXFileReference; lastKnownFileType = file; name = "BlenderPro-Medium.otf"; path = "Fonts/BlenderPro-Medium.otf"; sourceTree = "<group>"; };
		C1B20FFA1BFBED69002C72E9 /* BlenderPro-MediumItalic.otf */ = {isa = PBXFileReference; lastKnownFileType = file; name = "BlenderPro-MediumItalic.otf"; path = "Fonts/BlenderPro-MediumItalic.otf"; sourceTree = "<group>"; };
		C1B20FFB1BFBED69002C72E9 /* BlenderPro-Thin.otf */ = {isa = PBXFileReference; lastKnownFileType = file; name = "BlenderPro-Thin.otf"; path = "Fonts/BlenderPro-Thin.otf"; sourceTree = "<group>"; };
		C1B20FFC1BFBED69002C72E9 /* BlenderPro-ThinItalic.otf */ = {isa = PBXFileReference; lastKnownFileType = file; name = "BlenderPro-ThinItalic.otf"; path = "Fonts/BlenderPro-ThinItalic.otf"; sourceTree = "<group>"; };
		C1B210071BFBEE22002C72E9 /* MeterView.swift */ = {isa = PBXFileReference; fileEncoding = 4; lastKnownFileType = sourcecode.swift; path = MeterView.swift; sourceTree = "<group>"; };
		C1B2100A1BFC4D2A002C72E9 /* Bolts.framework */ = {isa = PBXFileReference; lastKnownFileType = wrapper.framework; path = Bolts.framework; sourceTree = "<group>"; };
		C1B2100B1BFC4D2A002C72E9 /* Parse.framework */ = {isa = PBXFileReference; lastKnownFileType = wrapper.framework; path = Parse.framework; sourceTree = "<group>"; };
		C1B2100E1BFC4D31002C72E9 /* ParseCrashReporting.framework */ = {isa = PBXFileReference; lastKnownFileType = wrapper.framework; path = ParseCrashReporting.framework; sourceTree = "<group>"; };
		C1B210101BFC4D57002C72E9 /* AudioToolbox.framework */ = {isa = PBXFileReference; lastKnownFileType = wrapper.framework; name = AudioToolbox.framework; path = System/Library/Frameworks/AudioToolbox.framework; sourceTree = SDKROOT; };
		C1B210121BFC4D5B002C72E9 /* CFNetwork.framework */ = {isa = PBXFileReference; lastKnownFileType = wrapper.framework; name = CFNetwork.framework; path = System/Library/Frameworks/CFNetwork.framework; sourceTree = SDKROOT; };
		C1B210141BFC4D61002C72E9 /* CoreGraphics.framework */ = {isa = PBXFileReference; lastKnownFileType = wrapper.framework; name = CoreGraphics.framework; path = System/Library/Frameworks/CoreGraphics.framework; sourceTree = SDKROOT; };
		C1B210161BFC4D66002C72E9 /* CoreLocation.framework */ = {isa = PBXFileReference; lastKnownFileType = wrapper.framework; name = CoreLocation.framework; path = System/Library/Frameworks/CoreLocation.framework; sourceTree = SDKROOT; };
		C1B210181BFC4D6C002C72E9 /* QuartzCore.framework */ = {isa = PBXFileReference; lastKnownFileType = wrapper.framework; name = QuartzCore.framework; path = System/Library/Frameworks/QuartzCore.framework; sourceTree = SDKROOT; };
		C1B2101A1BFC4D72002C72E9 /* Security.framework */ = {isa = PBXFileReference; lastKnownFileType = wrapper.framework; name = Security.framework; path = System/Library/Frameworks/Security.framework; sourceTree = SDKROOT; };
		C1B2101C1BFC4D77002C72E9 /* StoreKit.framework */ = {isa = PBXFileReference; lastKnownFileType = wrapper.framework; name = StoreKit.framework; path = System/Library/Frameworks/StoreKit.framework; sourceTree = SDKROOT; };
		C1B2101E1BFC4D7C002C72E9 /* SystemConfiguration.framework */ = {isa = PBXFileReference; lastKnownFileType = wrapper.framework; name = SystemConfiguration.framework; path = System/Library/Frameworks/SystemConfiguration.framework; sourceTree = SDKROOT; };
		C1B210201BFC4D82002C72E9 /* libz.tbd */ = {isa = PBXFileReference; lastKnownFileType = "sourcecode.text-based-dylib-definition"; name = libz.tbd; path = usr/lib/libz.tbd; sourceTree = SDKROOT; };
		C1B210221BFC4D88002C72E9 /* libsqlite3.tbd */ = {isa = PBXFileReference; lastKnownFileType = "sourcecode.text-based-dylib-definition"; name = libsqlite3.tbd; path = usr/lib/libsqlite3.tbd; sourceTree = SDKROOT; };
		C1B210251BFD0574002C72E9 /* FoodSearchViewController.swift */ = {isa = PBXFileReference; fileEncoding = 4; lastKnownFileType = sourcecode.swift; path = FoodSearchViewController.swift; sourceTree = "<group>"; };
		C1B210261BFD0574002C72E9 /* FoodSearchViewController.xib */ = {isa = PBXFileReference; fileEncoding = 4; lastKnownFileType = file.xib; path = FoodSearchViewController.xib; sourceTree = "<group>"; };
		C1B210291BFD0757002C72E9 /* SearchResultsCollectionViewCell.swift */ = {isa = PBXFileReference; fileEncoding = 4; lastKnownFileType = sourcecode.swift; path = SearchResultsCollectionViewCell.swift; sourceTree = "<group>"; };
		C1B2102A1BFD0757002C72E9 /* SearchResultsCollectionViewCell.xib */ = {isa = PBXFileReference; fileEncoding = 4; lastKnownFileType = file.xib; path = SearchResultsCollectionViewCell.xib; sourceTree = "<group>"; };
		C1B2102E1BFE45E0002C72E9 /* CustomNavigationController.swift */ = {isa = PBXFileReference; fileEncoding = 4; lastKnownFileType = sourcecode.swift; path = CustomNavigationController.swift; sourceTree = "<group>"; };
		C1B210311BFE4702002C72E9 /* FoodDetailViewController.swift */ = {isa = PBXFileReference; fileEncoding = 4; lastKnownFileType = sourcecode.swift; path = FoodDetailViewController.swift; sourceTree = "<group>"; };
		C1B210321BFE4702002C72E9 /* FoodDetailViewController.xib */ = {isa = PBXFileReference; fileEncoding = 4; lastKnownFileType = file.xib; path = FoodDetailViewController.xib; sourceTree = "<group>"; };
		C1B210361BFE8491002C72E9 /* fruit-loops.jpg */ = {isa = PBXFileReference; lastKnownFileType = image.jpeg; name = "fruit-loops.jpg"; path = "images/fruit-loops.jpg"; sourceTree = "<group>"; };
		C1B210381BFF95B0002C72E9 /* MDRotatingPieChart.swift */ = {isa = PBXFileReference; fileEncoding = 4; lastKnownFileType = sourcecode.swift; path = MDRotatingPieChart.swift; sourceTree = "<group>"; };
		C1B210761BFFA8C4002C72E9 /* Double+.swift */ = {isa = PBXFileReference; fileEncoding = 4; lastKnownFileType = sourcecode.swift; path = "Double+.swift"; sourceTree = "<group>"; };
		C1DEF2F61C03C5D400DFB7F0 /* MainTabBarController.swift */ = {isa = PBXFileReference; fileEncoding = 4; lastKnownFileType = sourcecode.swift; path = MainTabBarController.swift; sourceTree = "<group>"; };
		C1DEF2F91C03C62100DFB7F0 /* SettingsViewController.swift */ = {isa = PBXFileReference; fileEncoding = 4; lastKnownFileType = sourcecode.swift; path = SettingsViewController.swift; sourceTree = "<group>"; };
		C1DEF2FA1C03C62100DFB7F0 /* SettingsViewController.xib */ = {isa = PBXFileReference; fileEncoding = 4; lastKnownFileType = file.xib; path = SettingsViewController.xib; sourceTree = "<group>"; };
		C1DEF3011C03D2BB00DFB7F0 /* SettingsCellDataModel.swift */ = {isa = PBXFileReference; fileEncoding = 4; lastKnownFileType = sourcecode.swift; path = SettingsCellDataModel.swift; sourceTree = "<group>"; };
		C1DEF3031C03D2CC00DFB7F0 /* SettingsDataManager.swift */ = {isa = PBXFileReference; fileEncoding = 4; lastKnownFileType = sourcecode.swift; path = SettingsDataManager.swift; sourceTree = "<group>"; };
		C1DEF30A1C03D62B00DFB7F0 /* ProfileViewController.swift */ = {isa = PBXFileReference; fileEncoding = 4; lastKnownFileType = sourcecode.swift; path = ProfileViewController.swift; sourceTree = "<group>"; };
		C1DEF30B1C03D62B00DFB7F0 /* ProfileViewController.xib */ = {isa = PBXFileReference; fileEncoding = 4; lastKnownFileType = file.xib; path = ProfileViewController.xib; sourceTree = "<group>"; };
		C1DEF30F1C03D68100DFB7F0 /* FormWithSegmentControlCollectionViewCell.swift */ = {isa = PBXFileReference; fileEncoding = 4; lastKnownFileType = sourcecode.swift; path = FormWithSegmentControlCollectionViewCell.swift; sourceTree = "<group>"; };
		C1DEF3101C03D68100DFB7F0 /* FormWithSegmentControlCollectionViewCell.xib */ = {isa = PBXFileReference; fileEncoding = 4; lastKnownFileType = file.xib; path = FormWithSegmentControlCollectionViewCell.xib; sourceTree = "<group>"; };
		C1DEF3131C03D92C00DFB7F0 /* FormWithTextFieldCollectionViewCell.swift */ = {isa = PBXFileReference; fileEncoding = 4; lastKnownFileType = sourcecode.swift; path = FormWithTextFieldCollectionViewCell.swift; sourceTree = "<group>"; };
		C1DEF3141C03D92C00DFB7F0 /* FormWithTextFieldCollectionViewCell.xib */ = {isa = PBXFileReference; fileEncoding = 4; lastKnownFileType = file.xib; path = FormWithTextFieldCollectionViewCell.xib; sourceTree = "<group>"; };
		C1DEF3171C04F1C100DFB7F0 /* FormWithPickerViewCollectionViewCell.swift */ = {isa = PBXFileReference; fileEncoding = 4; lastKnownFileType = sourcecode.swift; path = FormWithPickerViewCollectionViewCell.swift; sourceTree = "<group>"; };
		C1DEF3181C04F1C100DFB7F0 /* FormWithPickerViewCollectionViewCell.xib */ = {isa = PBXFileReference; fileEncoding = 4; lastKnownFileType = file.xib; path = FormWithPickerViewCollectionViewCell.xib; sourceTree = "<group>"; };
		C1DEF31B1C05137000DFB7F0 /* PickerModalView.swift */ = {isa = PBXFileReference; fileEncoding = 4; lastKnownFileType = sourcecode.swift; path = PickerModalView.swift; sourceTree = "<group>"; };
		C1DEF31D1C05138100DFB7F0 /* PickerModalView.xib */ = {isa = PBXFileReference; fileEncoding = 4; lastKnownFileType = file.xib; path = PickerModalView.xib; sourceTree = "<group>"; };
		ED0F968D1D78EB81FBA6BB6B /* Pods_BodyMetrics.framework */ = {isa = PBXFileReference; explicitFileType = wrapper.framework; includeInIndex = 0; path = Pods_BodyMetrics.framework; sourceTree = BUILT_PRODUCTS_DIR; };
/* End PBXFileReference section */

/* Begin PBXFrameworksBuildPhase section */
		C1B20F8B1BFBE9A7002C72E9 /* Frameworks */ = {
			isa = PBXFrameworksBuildPhase;
			buildActionMask = 2147483647;
			files = (
				C1B210231BFC4D88002C72E9 /* libsqlite3.tbd in Frameworks */,
				C1B210211BFC4D82002C72E9 /* libz.tbd in Frameworks */,
				C1B2101F1BFC4D7C002C72E9 /* SystemConfiguration.framework in Frameworks */,
				C1B2101D1BFC4D77002C72E9 /* StoreKit.framework in Frameworks */,
				C1B2101B1BFC4D72002C72E9 /* Security.framework in Frameworks */,
				C1B210191BFC4D6C002C72E9 /* QuartzCore.framework in Frameworks */,
				C1B210171BFC4D66002C72E9 /* CoreLocation.framework in Frameworks */,
				C1B210151BFC4D61002C72E9 /* CoreGraphics.framework in Frameworks */,
				C1B210131BFC4D5B002C72E9 /* CFNetwork.framework in Frameworks */,
				C1B210111BFC4D57002C72E9 /* AudioToolbox.framework in Frameworks */,
				C1B2100D1BFC4D2A002C72E9 /* Parse.framework in Frameworks */,
				C1B2100F1BFC4D31002C72E9 /* ParseCrashReporting.framework in Frameworks */,
				C1B2100C1BFC4D2A002C72E9 /* Bolts.framework in Frameworks */,
				05C8CA32C397ED5A8E7A8CA0 /* Pods_BodyMetrics.framework in Frameworks */,
			);
			runOnlyForDeploymentPostprocessing = 0;
		};
		C1B20F9F1BFBE9A7002C72E9 /* Frameworks */ = {
			isa = PBXFrameworksBuildPhase;
			buildActionMask = 2147483647;
			files = (
			);
			runOnlyForDeploymentPostprocessing = 0;
		};
		C1B20FAA1BFBE9A7002C72E9 /* Frameworks */ = {
			isa = PBXFrameworksBuildPhase;
			buildActionMask = 2147483647;
			files = (
			);
			runOnlyForDeploymentPostprocessing = 0;
		};
/* End PBXFrameworksBuildPhase section */

/* Begin PBXGroup section */
		41C4D4BB5E2D489C51EAD5B8 /* Pods */ = {
			isa = PBXGroup;
			children = (
				3E2E0F2B41546CA659394006 /* Pods-BodyMetrics.debug.xcconfig */,
				A47138EF96DC9527A779C96B /* Pods-BodyMetrics.release.xcconfig */,
			);
			name = Pods;
			sourceTree = "<group>";
		};
		C12861271C077C5F00B1B5A2 /* Planner */ = {
			isa = PBXGroup;
			children = (
				C12861281C077CA400B1B5A2 /* PlannerViewController.swift */,
				C12861291C077CA400B1B5A2 /* PlannerViewController.xib */,
			);
			name = Planner;
			sourceTree = "<group>";
		};
		C1B20F851BFBE9A7002C72E9 = {
			isa = PBXGroup;
			children = (
				C1B20F901BFBE9A7002C72E9 /* BodyMetrics */,
				C1B20FA51BFBE9A7002C72E9 /* BodyMetricsTests */,
				C1B20FB01BFBE9A7002C72E9 /* BodyMetricsUITests */,
				C1B20F8F1BFBE9A7002C72E9 /* Products */,
				41C4D4BB5E2D489C51EAD5B8 /* Pods */,
				D914D408DD77C11C63975D37 /* Frameworks */,
			);
			sourceTree = "<group>";
		};
		C1B20F8F1BFBE9A7002C72E9 /* Products */ = {
			isa = PBXGroup;
			children = (
				C1B20F8E1BFBE9A7002C72E9 /* BodyMetrics.app */,
				C1B20FA21BFBE9A7002C72E9 /* BodyMetricsTests.xctest */,
				C1B20FAD1BFBE9A7002C72E9 /* BodyMetricsUITests.xctest */,
			);
			name = Products;
			sourceTree = "<group>";
		};
		C1B20F901BFBE9A7002C72E9 /* BodyMetrics */ = {
			isa = PBXGroup;
			children = (
				C12861271C077C5F00B1B5A2 /* Planner */,
				C1DEF2F81C03C61100DFB7F0 /* Settings */,
				C1B210301BFE46F5002C72E9 /* Food */,
				C1B2102D1BFE45D0002C72E9 /* Common */,
				C1B210241BFD0551002C72E9 /* Search */,
				C1B210091BFC4D21002C72E9 /* Frameworks */,
				C1B210061BFBEE03002C72E9 /* Widgets */,
				C1B20FF21BFBED59002C72E9 /* Resources */,
				C1B20FF11BFBEC6E002C72E9 /* Home */,
				C1B20FE61BFBEBF3002C72E9 /* Utils */,
				C1B20FD81BFBEA48002C72E9 /* Styles */,
				C1B20FC31BFBEA24002C72E9 /* Extensions */,
				C1B20F911BFBE9A7002C72E9 /* AppDelegate.swift */,
				C1B20F931BFBE9A7002C72E9 /* ViewController.swift */,
				C1B20F951BFBE9A7002C72E9 /* Main.storyboard */,
				C1B20F981BFBE9A7002C72E9 /* Assets.xcassets */,
				C1B20F9A1BFBE9A7002C72E9 /* LaunchScreen.storyboard */,
				C1B20F9D1BFBE9A7002C72E9 /* Info.plist */,
			);
			path = BodyMetrics;
			sourceTree = "<group>";
		};
		C1B20FA51BFBE9A7002C72E9 /* BodyMetricsTests */ = {
			isa = PBXGroup;
			children = (
				C1B20FA61BFBE9A7002C72E9 /* BodyMetricsTests.swift */,
				C1B20FA81BFBE9A7002C72E9 /* Info.plist */,
			);
			path = BodyMetricsTests;
			sourceTree = "<group>";
		};
		C1B20FB01BFBE9A7002C72E9 /* BodyMetricsUITests */ = {
			isa = PBXGroup;
			children = (
				C1B20FB11BFBE9A7002C72E9 /* BodyMetricsUITests.swift */,
				C1B20FB31BFBE9A7002C72E9 /* Info.plist */,
			);
			path = BodyMetricsUITests;
			sourceTree = "<group>";
		};
		C1B20FC31BFBEA24002C72E9 /* Extensions */ = {
			isa = PBXGroup;
			children = (
				C1B20FC41BFBEA31002C72E9 /* UIImage+.swift */,
				C1B20FC51BFBEA31002C72E9 /* UILabel+.swift */,
				C1B20FC61BFBEA31002C72E9 /* UILabelWithPadding.swift */,
				C1B20FC71BFBEA31002C72E9 /* UIView+.swift */,
				C1B20FC81BFBEA31002C72E9 /* UIEdgeInsets+.swift */,
				C1B20FC91BFBEA31002C72E9 /* CGRect+.swift */,
				C1B20FCA1BFBEA31002C72E9 /* String+.swift */,
				C1B20FCB1BFBEA31002C72E9 /* UIViewController+.swift */,
				C1B20FCC1BFBEA31002C72E9 /* UITextField+.swift */,
				C1B20FCD1BFBEA31002C72E9 /* UIColor+.swift */,
				C1B210761BFFA8C4002C72E9 /* Double+.swift */,
			);
			name = Extensions;
			sourceTree = "<group>";
		};
		C1B20FD81BFBEA48002C72E9 /* Styles */ = {
			isa = PBXGroup;
			children = (
				C1B20FD91BFBEA54002C72E9 /* Styles.swift */,
			);
			name = Styles;
			sourceTree = "<group>";
		};
		C1B20FE61BFBEBF3002C72E9 /* Utils */ = {
			isa = PBXGroup;
			children = (
				C1B20FE71BFBEC32002C72E9 /* TextUtils.swift */,
				C1B20FE81BFBEC32002C72E9 /* WebUrlRegularExpressionConstants.swift */,
				C1B20FE91BFBEC32002C72E9 /* KeyboardObserver.swift */,
				C1B20FEA1BFBEC32002C72E9 /* KeyboardUtils.swift */,
				C1B20FEB1BFBEC32002C72E9 /* PlaceholderTextView.swift */,
				C1B210381BFF95B0002C72E9 /* MDRotatingPieChart.swift */,
				C18BB7A41C06E1000071CB04 /* GradientView.swift */,
			);
			name = Utils;
			sourceTree = "<group>";
		};
		C1B20FF11BFBEC6E002C72E9 /* Home */ = {
			isa = PBXGroup;
			children = (
				C1B20FBF1BFBE9E5002C72E9 /* HomeViewController.swift */,
				C1B20FC01BFBE9E5002C72E9 /* HomeViewController.xib */,
			);
			name = Home;
			sourceTree = "<group>";
		};
		C1B20FF21BFBED59002C72E9 /* Resources */ = {
			isa = PBXGroup;
			children = (
				C1B210351BFE8482002C72E9 /* Images */,
				C1B20FF31BFBED5F002C72E9 /* Fonts */,
				C184AFC11C0783FF003AB926 /* BodyMetricsBridging.h */,
			);
			name = Resources;
			sourceTree = "<group>";
		};
		C1B20FF31BFBED5F002C72E9 /* Fonts */ = {
			isa = PBXGroup;
			children = (
				C1B20FF41BFBED69002C72E9 /* BlenderPro-Bold.otf */,
				C1B20FF51BFBED69002C72E9 /* BlenderPro-BoldItalic.otf */,
				C1B20FF61BFBED69002C72E9 /* BlenderPro-Book.otf */,
				C1B20FF71BFBED69002C72E9 /* BlenderPro-BookItalic.otf */,
				C1B20FF81BFBED69002C72E9 /* BlenderPro-Heavy.otf */,
				C1B20FF91BFBED69002C72E9 /* BlenderPro-Medium.otf */,
				C1B20FFA1BFBED69002C72E9 /* BlenderPro-MediumItalic.otf */,
				C1B20FFB1BFBED69002C72E9 /* BlenderPro-Thin.otf */,
				C1B20FFC1BFBED69002C72E9 /* BlenderPro-ThinItalic.otf */,
			);
			name = Fonts;
			sourceTree = "<group>";
		};
		C1B210061BFBEE03002C72E9 /* Widgets */ = {
			isa = PBXGroup;
			children = (
				C1B210071BFBEE22002C72E9 /* MeterView.swift */,
				C19911701BFBEE9F003C97D3 /* MeterView.xib */,
			);
			name = Widgets;
			sourceTree = "<group>";
		};
		C1B210091BFC4D21002C72E9 /* Frameworks */ = {
			isa = PBXGroup;
			children = (
				C1B210221BFC4D88002C72E9 /* libsqlite3.tbd */,
				C1B210201BFC4D82002C72E9 /* libz.tbd */,
				C1B2101E1BFC4D7C002C72E9 /* SystemConfiguration.framework */,
				C1B2101C1BFC4D77002C72E9 /* StoreKit.framework */,
				C1B2101A1BFC4D72002C72E9 /* Security.framework */,
				C1B210181BFC4D6C002C72E9 /* QuartzCore.framework */,
				C1B210161BFC4D66002C72E9 /* CoreLocation.framework */,
				C1B210141BFC4D61002C72E9 /* CoreGraphics.framework */,
				C1B210121BFC4D5B002C72E9 /* CFNetwork.framework */,
				C1B210101BFC4D57002C72E9 /* AudioToolbox.framework */,
				C1B2100E1BFC4D31002C72E9 /* ParseCrashReporting.framework */,
				C1B2100A1BFC4D2A002C72E9 /* Bolts.framework */,
				C1B2100B1BFC4D2A002C72E9 /* Parse.framework */,
			);
			name = Frameworks;
			sourceTree = "<group>";
		};
		C1B210241BFD0551002C72E9 /* Search */ = {
			isa = PBXGroup;
			children = (
				C1B210251BFD0574002C72E9 /* FoodSearchViewController.swift */,
				C1B210261BFD0574002C72E9 /* FoodSearchViewController.xib */,
				C1B210291BFD0757002C72E9 /* SearchResultsCollectionViewCell.swift */,
				C1B2102A1BFD0757002C72E9 /* SearchResultsCollectionViewCell.xib */,
			);
			name = Search;
			sourceTree = "<group>";
		};
		C1B2102D1BFE45D0002C72E9 /* Common */ = {
			isa = PBXGroup;
			children = (
				C1DEF30E1C03D63800DFB7F0 /* Cells */,
				C1B2102E1BFE45E0002C72E9 /* CustomNavigationController.swift */,
				C1DEF2F61C03C5D400DFB7F0 /* MainTabBarController.swift */,
				C1DEF31B1C05137000DFB7F0 /* PickerModalView.swift */,
				C1DEF31D1C05138100DFB7F0 /* PickerModalView.xib */,
				C155956B1C051D71002D6DB5 /* PickerModalViewController.swift */,
				C155956C1C051D71002D6DB5 /* PickerModalViewController.xib */,
			);
			name = Common;
			sourceTree = "<group>";
		};
		C1B210301BFE46F5002C72E9 /* Food */ = {
			isa = PBXGroup;
			children = (
				C1B210311BFE4702002C72E9 /* FoodDetailViewController.swift */,
				C1B210321BFE4702002C72E9 /* FoodDetailViewController.xib */,
				C15682D81C038E00000479B0 /* ManualMacroEntryViewController.swift */,
				C15682D91C038E00000479B0 /* ManualMacroEntryViewController.xib */,
			);
			name = Food;
			sourceTree = "<group>";
		};
		C1B210351BFE8482002C72E9 /* Images */ = {
			isa = PBXGroup;
			children = (
				C1B210361BFE8491002C72E9 /* fruit-loops.jpg */,
			);
			name = Images;
			sourceTree = "<group>";
		};
		C1DEF2F81C03C61100DFB7F0 /* Settings */ = {
			isa = PBXGroup;
			children = (
				C1DEF3051C03D40200DFB7F0 /* Profile */,
				C1DEF2F91C03C62100DFB7F0 /* SettingsViewController.swift */,
				C1DEF2FA1C03C62100DFB7F0 /* SettingsViewController.xib */,
				C1DEF3011C03D2BB00DFB7F0 /* SettingsCellDataModel.swift */,
				C1DEF3031C03D2CC00DFB7F0 /* SettingsDataManager.swift */,
				C18BB7A61C06F2D10071CB04 /* SettingsTableViewCell.swift */,
				C18BB7A71C06F2D10071CB04 /* SettingsTableViewCell.xib */,
			);
			name = Settings;
			sourceTree = "<group>";
		};
		C1DEF3051C03D40200DFB7F0 /* Profile */ = {
			isa = PBXGroup;
			children = (
				C1DEF30A1C03D62B00DFB7F0 /* ProfileViewController.swift */,
				C1DEF30B1C03D62B00DFB7F0 /* ProfileViewController.xib */,
			);
			name = Profile;
			sourceTree = "<group>";
		};
		C1DEF30E1C03D63800DFB7F0 /* Cells */ = {
			isa = PBXGroup;
			children = (
				C15682DC1C038ECF000479B0 /* FormCollectionViewCell.swift */,
				C15682DD1C038ECF000479B0 /* FormCollectionViewCell.xib */,
				C1DEF30F1C03D68100DFB7F0 /* FormWithSegmentControlCollectionViewCell.swift */,
				C1DEF3101C03D68100DFB7F0 /* FormWithSegmentControlCollectionViewCell.xib */,
				C1DEF3131C03D92C00DFB7F0 /* FormWithTextFieldCollectionViewCell.swift */,
				C1DEF3141C03D92C00DFB7F0 /* FormWithTextFieldCollectionViewCell.xib */,
				C1DEF3171C04F1C100DFB7F0 /* FormWithPickerViewCollectionViewCell.swift */,
				C1DEF3181C04F1C100DFB7F0 /* FormWithPickerViewCollectionViewCell.xib */,
			);
			name = Cells;
			sourceTree = "<group>";
		};
		D914D408DD77C11C63975D37 /* Frameworks */ = {
			isa = PBXGroup;
			children = (
				ED0F968D1D78EB81FBA6BB6B /* Pods_BodyMetrics.framework */,
			);
			name = Frameworks;
			sourceTree = "<group>";
		};
/* End PBXGroup section */

/* Begin PBXNativeTarget section */
		C1B20F8D1BFBE9A7002C72E9 /* BodyMetrics */ = {
			isa = PBXNativeTarget;
			buildConfigurationList = C1B20FB61BFBE9A7002C72E9 /* Build configuration list for PBXNativeTarget "BodyMetrics" */;
			buildPhases = (
				4EBA17CAB209C0F60C5828C3 /* Check Pods Manifest.lock */,
				C1B20F8A1BFBE9A7002C72E9 /* Sources */,
				C1B20F8B1BFBE9A7002C72E9 /* Frameworks */,
				C1B20F8C1BFBE9A7002C72E9 /* Resources */,
				5F9AD0E2F894CD450811677F /* Embed Pods Frameworks */,
				659DFA37200D34475459A3C0 /* Copy Pods Resources */,
			);
			buildRules = (
			);
			dependencies = (
			);
			name = BodyMetrics;
			productName = BodyMetrics;
			productReference = C1B20F8E1BFBE9A7002C72E9 /* BodyMetrics.app */;
			productType = "com.apple.product-type.application";
		};
		C1B20FA11BFBE9A7002C72E9 /* BodyMetricsTests */ = {
			isa = PBXNativeTarget;
			buildConfigurationList = C1B20FB91BFBE9A7002C72E9 /* Build configuration list for PBXNativeTarget "BodyMetricsTests" */;
			buildPhases = (
				C1B20F9E1BFBE9A7002C72E9 /* Sources */,
				C1B20F9F1BFBE9A7002C72E9 /* Frameworks */,
				C1B20FA01BFBE9A7002C72E9 /* Resources */,
			);
			buildRules = (
			);
			dependencies = (
				C1B20FA41BFBE9A7002C72E9 /* PBXTargetDependency */,
			);
			name = BodyMetricsTests;
			productName = BodyMetricsTests;
			productReference = C1B20FA21BFBE9A7002C72E9 /* BodyMetricsTests.xctest */;
			productType = "com.apple.product-type.bundle.unit-test";
		};
		C1B20FAC1BFBE9A7002C72E9 /* BodyMetricsUITests */ = {
			isa = PBXNativeTarget;
			buildConfigurationList = C1B20FBC1BFBE9A7002C72E9 /* Build configuration list for PBXNativeTarget "BodyMetricsUITests" */;
			buildPhases = (
				C1B20FA91BFBE9A7002C72E9 /* Sources */,
				C1B20FAA1BFBE9A7002C72E9 /* Frameworks */,
				C1B20FAB1BFBE9A7002C72E9 /* Resources */,
			);
			buildRules = (
			);
			dependencies = (
				C1B20FAF1BFBE9A7002C72E9 /* PBXTargetDependency */,
			);
			name = BodyMetricsUITests;
			productName = BodyMetricsUITests;
			productReference = C1B20FAD1BFBE9A7002C72E9 /* BodyMetricsUITests.xctest */;
			productType = "com.apple.product-type.bundle.ui-testing";
		};
/* End PBXNativeTarget section */

/* Begin PBXProject section */
		C1B20F861BFBE9A7002C72E9 /* Project object */ = {
			isa = PBXProject;
			attributes = {
				LastSwiftUpdateCheck = 0710;
				LastUpgradeCheck = 0710;
				ORGANIZATIONNAME = "Ken Yu";
				TargetAttributes = {
					C1B20F8D1BFBE9A7002C72E9 = {
						CreatedOnToolsVersion = 7.1;
					};
					C1B20FA11BFBE9A7002C72E9 = {
						CreatedOnToolsVersion = 7.1;
						TestTargetID = C1B20F8D1BFBE9A7002C72E9;
					};
					C1B20FAC1BFBE9A7002C72E9 = {
						CreatedOnToolsVersion = 7.1;
						TestTargetID = C1B20F8D1BFBE9A7002C72E9;
					};
				};
			};
			buildConfigurationList = C1B20F891BFBE9A7002C72E9 /* Build configuration list for PBXProject "BodyMetrics" */;
			compatibilityVersion = "Xcode 3.2";
			developmentRegion = English;
			hasScannedForEncodings = 0;
			knownRegions = (
				en,
				Base,
			);
			mainGroup = C1B20F851BFBE9A7002C72E9;
			productRefGroup = C1B20F8F1BFBE9A7002C72E9 /* Products */;
			projectDirPath = "";
			projectRoot = "";
			targets = (
				C1B20F8D1BFBE9A7002C72E9 /* BodyMetrics */,
				C1B20FA11BFBE9A7002C72E9 /* BodyMetricsTests */,
				C1B20FAC1BFBE9A7002C72E9 /* BodyMetricsUITests */,
			);
		};
/* End PBXProject section */

/* Begin PBXResourcesBuildPhase section */
		C1B20F8C1BFBE9A7002C72E9 /* Resources */ = {
			isa = PBXResourcesBuildPhase;
			buildActionMask = 2147483647;
			files = (
				C1DEF3121C03D68100DFB7F0 /* FormWithSegmentControlCollectionViewCell.xib in Resources */,
				C1B20FFF1BFBED69002C72E9 /* BlenderPro-Book.otf in Resources */,
				C1B20F9C1BFBE9A7002C72E9 /* LaunchScreen.storyboard in Resources */,
				C1B210281BFD0574002C72E9 /* FoodSearchViewController.xib in Resources */,
				C1B20F991BFBE9A7002C72E9 /* Assets.xcassets in Resources */,
				C1B210001BFBED69002C72E9 /* BlenderPro-BookItalic.otf in Resources */,
				C1B20F971BFBE9A7002C72E9 /* Main.storyboard in Resources */,
				C1DEF31A1C04F1C100DFB7F0 /* FormWithPickerViewCollectionViewCell.xib in Resources */,
				C15682DB1C038E00000479B0 /* ManualMacroEntryViewController.xib in Resources */,
				C1B20FFE1BFBED69002C72E9 /* BlenderPro-BoldItalic.otf in Resources */,
				C1B210031BFBED69002C72E9 /* BlenderPro-MediumItalic.otf in Resources */,
				C1B210371BFE8491002C72E9 /* fruit-loops.jpg in Resources */,
				C1B210051BFBED69002C72E9 /* BlenderPro-ThinItalic.otf in Resources */,
				C1B210011BFBED69002C72E9 /* BlenderPro-Heavy.otf in Resources */,
				C18BB7A91C06F2D10071CB04 /* SettingsTableViewCell.xib in Resources */,
				C1B20FC21BFBE9E5002C72E9 /* HomeViewController.xib in Resources */,
				C155956E1C051D71002D6DB5 /* PickerModalViewController.xib in Resources */,
				C1DEF30D1C03D62B00DFB7F0 /* ProfileViewController.xib in Resources */,
				C1B2102C1BFD0757002C72E9 /* SearchResultsCollectionViewCell.xib in Resources */,
				C15682DF1C038ECF000479B0 /* FormCollectionViewCell.xib in Resources */,
				C1DEF3161C03D92C00DFB7F0 /* FormWithTextFieldCollectionViewCell.xib in Resources */,
				C1B20FFD1BFBED69002C72E9 /* BlenderPro-Bold.otf in Resources */,
				C128612B1C077CA400B1B5A2 /* PlannerViewController.xib in Resources */,
				C1B210021BFBED69002C72E9 /* BlenderPro-Medium.otf in Resources */,
				C19911711BFBEE9F003C97D3 /* MeterView.xib in Resources */,
				C1B210041BFBED69002C72E9 /* BlenderPro-Thin.otf in Resources */,
				C1DEF2FC1C03C62100DFB7F0 /* SettingsViewController.xib in Resources */,
				C1B210341BFE4702002C72E9 /* FoodDetailViewController.xib in Resources */,
				C1DEF31E1C05138100DFB7F0 /* PickerModalView.xib in Resources */,
			);
			runOnlyForDeploymentPostprocessing = 0;
		};
		C1B20FA01BFBE9A7002C72E9 /* Resources */ = {
			isa = PBXResourcesBuildPhase;
			buildActionMask = 2147483647;
			files = (
			);
			runOnlyForDeploymentPostprocessing = 0;
		};
		C1B20FAB1BFBE9A7002C72E9 /* Resources */ = {
			isa = PBXResourcesBuildPhase;
			buildActionMask = 2147483647;
			files = (
			);
			runOnlyForDeploymentPostprocessing = 0;
		};
/* End PBXResourcesBuildPhase section */

/* Begin PBXShellScriptBuildPhase section */
		4EBA17CAB209C0F60C5828C3 /* Check Pods Manifest.lock */ = {
			isa = PBXShellScriptBuildPhase;
			buildActionMask = 2147483647;
			files = (
			);
			inputPaths = (
			);
			name = "Check Pods Manifest.lock";
			outputPaths = (
			);
			runOnlyForDeploymentPostprocessing = 0;
			shellPath = /bin/sh;
			shellScript = "diff \"${PODS_ROOT}/../Podfile.lock\" \"${PODS_ROOT}/Manifest.lock\" > /dev/null\nif [[ $? != 0 ]] ; then\n    cat << EOM\nerror: The sandbox is not in sync with the Podfile.lock. Run 'pod install' or update your CocoaPods installation.\nEOM\n    exit 1\nfi\n";
			showEnvVarsInLog = 0;
		};
		5F9AD0E2F894CD450811677F /* Embed Pods Frameworks */ = {
			isa = PBXShellScriptBuildPhase;
			buildActionMask = 2147483647;
			files = (
			);
			inputPaths = (
			);
			name = "Embed Pods Frameworks";
			outputPaths = (
			);
			runOnlyForDeploymentPostprocessing = 0;
			shellPath = /bin/sh;
			shellScript = "\"${SRCROOT}/Pods/Target Support Files/Pods-BodyMetrics/Pods-BodyMetrics-frameworks.sh\"\n";
			showEnvVarsInLog = 0;
		};
		659DFA37200D34475459A3C0 /* Copy Pods Resources */ = {
			isa = PBXShellScriptBuildPhase;
			buildActionMask = 2147483647;
			files = (
			);
			inputPaths = (
			);
			name = "Copy Pods Resources";
			outputPaths = (
			);
			runOnlyForDeploymentPostprocessing = 0;
			shellPath = /bin/sh;
			shellScript = "\"${SRCROOT}/Pods/Target Support Files/Pods-BodyMetrics/Pods-BodyMetrics-resources.sh\"\n";
			showEnvVarsInLog = 0;
		};
/* End PBXShellScriptBuildPhase section */

/* Begin PBXSourcesBuildPhase section */
		C1B20F8A1BFBE9A7002C72E9 /* Sources */ = {
			isa = PBXSourcesBuildPhase;
			buildActionMask = 2147483647;
			files = (
				C128612A1C077CA400B1B5A2 /* PlannerViewController.swift in Sources */,
				C1DEF2F71C03C5D400DFB7F0 /* MainTabBarController.swift in Sources */,
				C1B20F941BFBE9A7002C72E9 /* ViewController.swift in Sources */,
				C1B20FED1BFBEC32002C72E9 /* WebUrlRegularExpressionConstants.swift in Sources */,
				C1B210081BFBEE22002C72E9 /* MeterView.swift in Sources */,
				C1B210331BFE4702002C72E9 /* FoodDetailViewController.swift in Sources */,
				C1B20FDA1BFBEA54002C72E9 /* Styles.swift in Sources */,
				C1B20FCE1BFBEA31002C72E9 /* UIImage+.swift in Sources */,
				C1B2102F1BFE45E0002C72E9 /* CustomNavigationController.swift in Sources */,
				C155956D1C051D71002D6DB5 /* PickerModalViewController.swift in Sources */,
				C1B20FD41BFBEA31002C72E9 /* String+.swift in Sources */,
				C1B20FD61BFBEA31002C72E9 /* UITextField+.swift in Sources */,
				C1B20FD31BFBEA31002C72E9 /* CGRect+.swift in Sources */,
				C1B20FD21BFBEA31002C72E9 /* UIEdgeInsets+.swift in Sources */,
				C1B20FD11BFBEA31002C72E9 /* UIView+.swift in Sources */,
				C1B20FEC1BFBEC32002C72E9 /* TextUtils.swift in Sources */,
				C1B20FEF1BFBEC32002C72E9 /* KeyboardUtils.swift in Sources */,
				C1DEF3151C03D92C00DFB7F0 /* FormWithTextFieldCollectionViewCell.swift in Sources */,
				C1B210771BFFA8C4002C72E9 /* Double+.swift in Sources */,
				C18BB7A81C06F2D10071CB04 /* SettingsTableViewCell.swift in Sources */,
				C1B210391BFF95B0002C72E9 /* MDRotatingPieChart.swift in Sources */,
				C1DEF3021C03D2BB00DFB7F0 /* SettingsCellDataModel.swift in Sources */,
				C15682DA1C038E00000479B0 /* ManualMacroEntryViewController.swift in Sources */,
				C18BB7A51C06E1000071CB04 /* GradientView.swift in Sources */,
				C1B20FD01BFBEA31002C72E9 /* UILabelWithPadding.swift in Sources */,
				C15682DE1C038ECF000479B0 /* FormCollectionViewCell.swift in Sources */,
				C1B20FCF1BFBEA31002C72E9 /* UILabel+.swift in Sources */,
				C1B20FD51BFBEA31002C72E9 /* UIViewController+.swift in Sources */,
				C1DEF30C1C03D62B00DFB7F0 /* ProfileViewController.swift in Sources */,
				C1B20FD71BFBEA31002C72E9 /* UIColor+.swift in Sources */,
				C1DEF2FB1C03C62100DFB7F0 /* SettingsViewController.swift in Sources */,
				C1B20FEE1BFBEC32002C72E9 /* KeyboardObserver.swift in Sources */,
				C1B210271BFD0574002C72E9 /* FoodSearchViewController.swift in Sources */,
				C1DEF31C1C05137000DFB7F0 /* PickerModalView.swift in Sources */,
				C1B20F921BFBE9A7002C72E9 /* AppDelegate.swift in Sources */,
				C1B20FC11BFBE9E5002C72E9 /* HomeViewController.swift in Sources */,
				C1B20FF01BFBEC32002C72E9 /* PlaceholderTextView.swift in Sources */,
				C1DEF3111C03D68100DFB7F0 /* FormWithSegmentControlCollectionViewCell.swift in Sources */,
				C1DEF3191C04F1C100DFB7F0 /* FormWithPickerViewCollectionViewCell.swift in Sources */,
				C1B2102B1BFD0757002C72E9 /* SearchResultsCollectionViewCell.swift in Sources */,
				C1DEF3041C03D2CC00DFB7F0 /* SettingsDataManager.swift in Sources */,
			);
			runOnlyForDeploymentPostprocessing = 0;
		};
		C1B20F9E1BFBE9A7002C72E9 /* Sources */ = {
			isa = PBXSourcesBuildPhase;
			buildActionMask = 2147483647;
			files = (
				C1B20FA71BFBE9A7002C72E9 /* BodyMetricsTests.swift in Sources */,
			);
			runOnlyForDeploymentPostprocessing = 0;
		};
		C1B20FA91BFBE9A7002C72E9 /* Sources */ = {
			isa = PBXSourcesBuildPhase;
			buildActionMask = 2147483647;
			files = (
				C1B20FB21BFBE9A7002C72E9 /* BodyMetricsUITests.swift in Sources */,
			);
			runOnlyForDeploymentPostprocessing = 0;
		};
/* End PBXSourcesBuildPhase section */

/* Begin PBXTargetDependency section */
		C1B20FA41BFBE9A7002C72E9 /* PBXTargetDependency */ = {
			isa = PBXTargetDependency;
			target = C1B20F8D1BFBE9A7002C72E9 /* BodyMetrics */;
			targetProxy = C1B20FA31BFBE9A7002C72E9 /* PBXContainerItemProxy */;
		};
		C1B20FAF1BFBE9A7002C72E9 /* PBXTargetDependency */ = {
			isa = PBXTargetDependency;
			target = C1B20F8D1BFBE9A7002C72E9 /* BodyMetrics */;
			targetProxy = C1B20FAE1BFBE9A7002C72E9 /* PBXContainerItemProxy */;
		};
/* End PBXTargetDependency section */

/* Begin PBXVariantGroup section */
		C1B20F951BFBE9A7002C72E9 /* Main.storyboard */ = {
			isa = PBXVariantGroup;
			children = (
				C1B20F961BFBE9A7002C72E9 /* Base */,
			);
			name = Main.storyboard;
			sourceTree = "<group>";
		};
		C1B20F9A1BFBE9A7002C72E9 /* LaunchScreen.storyboard */ = {
			isa = PBXVariantGroup;
			children = (
				C1B20F9B1BFBE9A7002C72E9 /* Base */,
			);
			name = LaunchScreen.storyboard;
			sourceTree = "<group>";
		};
/* End PBXVariantGroup section */

/* Begin XCBuildConfiguration section */
		C1B20FB41BFBE9A7002C72E9 /* Debug */ = {
			isa = XCBuildConfiguration;
			buildSettings = {
				ALWAYS_SEARCH_USER_PATHS = NO;
				CLANG_CXX_LANGUAGE_STANDARD = "gnu++0x";
				CLANG_CXX_LIBRARY = "libc++";
				CLANG_ENABLE_MODULES = YES;
				CLANG_ENABLE_OBJC_ARC = YES;
				CLANG_WARN_BOOL_CONVERSION = YES;
				CLANG_WARN_CONSTANT_CONVERSION = YES;
				CLANG_WARN_DIRECT_OBJC_ISA_USAGE = YES_ERROR;
				CLANG_WARN_EMPTY_BODY = YES;
				CLANG_WARN_ENUM_CONVERSION = YES;
				CLANG_WARN_INT_CONVERSION = YES;
				CLANG_WARN_OBJC_ROOT_CLASS = YES_ERROR;
				CLANG_WARN_UNREACHABLE_CODE = YES;
				CLANG_WARN__DUPLICATE_METHOD_MATCH = YES;
				"CODE_SIGN_IDENTITY[sdk=iphoneos*]" = "iPhone Developer";
				COPY_PHASE_STRIP = NO;
				DEBUG_INFORMATION_FORMAT = dwarf;
				ENABLE_STRICT_OBJC_MSGSEND = YES;
				ENABLE_TESTABILITY = YES;
				GCC_C_LANGUAGE_STANDARD = gnu99;
				GCC_DYNAMIC_NO_PIC = NO;
				GCC_NO_COMMON_BLOCKS = YES;
				GCC_OPTIMIZATION_LEVEL = 0;
				GCC_PREPROCESSOR_DEFINITIONS = (
					"DEBUG=1",
					"$(inherited)",
				);
				GCC_WARN_64_TO_32_BIT_CONVERSION = YES;
				GCC_WARN_ABOUT_RETURN_TYPE = YES_ERROR;
				GCC_WARN_UNDECLARED_SELECTOR = YES;
				GCC_WARN_UNINITIALIZED_AUTOS = YES_AGGRESSIVE;
				GCC_WARN_UNUSED_FUNCTION = YES;
				GCC_WARN_UNUSED_VARIABLE = YES;
				IPHONEOS_DEPLOYMENT_TARGET = 9.1;
				MTL_ENABLE_DEBUG_INFO = YES;
				ONLY_ACTIVE_ARCH = YES;
				SDKROOT = iphoneos;
				SWIFT_OPTIMIZATION_LEVEL = "-Onone";
				TARGETED_DEVICE_FAMILY = "1,2";
			};
			name = Debug;
		};
		C1B20FB51BFBE9A7002C72E9 /* Release */ = {
			isa = XCBuildConfiguration;
			buildSettings = {
				ALWAYS_SEARCH_USER_PATHS = NO;
				CLANG_CXX_LANGUAGE_STANDARD = "gnu++0x";
				CLANG_CXX_LIBRARY = "libc++";
				CLANG_ENABLE_MODULES = YES;
				CLANG_ENABLE_OBJC_ARC = YES;
				CLANG_WARN_BOOL_CONVERSION = YES;
				CLANG_WARN_CONSTANT_CONVERSION = YES;
				CLANG_WARN_DIRECT_OBJC_ISA_USAGE = YES_ERROR;
				CLANG_WARN_EMPTY_BODY = YES;
				CLANG_WARN_ENUM_CONVERSION = YES;
				CLANG_WARN_INT_CONVERSION = YES;
				CLANG_WARN_OBJC_ROOT_CLASS = YES_ERROR;
				CLANG_WARN_UNREACHABLE_CODE = YES;
				CLANG_WARN__DUPLICATE_METHOD_MATCH = YES;
				"CODE_SIGN_IDENTITY[sdk=iphoneos*]" = "iPhone Developer";
				COPY_PHASE_STRIP = NO;
				DEBUG_INFORMATION_FORMAT = "dwarf-with-dsym";
				ENABLE_NS_ASSERTIONS = NO;
				ENABLE_STRICT_OBJC_MSGSEND = YES;
				GCC_C_LANGUAGE_STANDARD = gnu99;
				GCC_NO_COMMON_BLOCKS = YES;
				GCC_WARN_64_TO_32_BIT_CONVERSION = YES;
				GCC_WARN_ABOUT_RETURN_TYPE = YES_ERROR;
				GCC_WARN_UNDECLARED_SELECTOR = YES;
				GCC_WARN_UNINITIALIZED_AUTOS = YES_AGGRESSIVE;
				GCC_WARN_UNUSED_FUNCTION = YES;
				GCC_WARN_UNUSED_VARIABLE = YES;
				IPHONEOS_DEPLOYMENT_TARGET = 9.1;
				MTL_ENABLE_DEBUG_INFO = NO;
				SDKROOT = iphoneos;
				TARGETED_DEVICE_FAMILY = "1,2";
				VALIDATE_PRODUCT = YES;
			};
			name = Release;
		};
		C1B20FB71BFBE9A7002C72E9 /* Debug */ = {
			isa = XCBuildConfiguration;
			baseConfigurationReference = 3E2E0F2B41546CA659394006 /* Pods-BodyMetrics.debug.xcconfig */;
			buildSettings = {
				ASSETCATALOG_COMPILER_APPICON_NAME = AppIcon;
				FRAMEWORK_SEARCH_PATHS = (
					"$(inherited)",
					"$(PROJECT_DIR)/BodyMetrics",
				);
				INFOPLIST_FILE = BodyMetrics/Info.plist;
				LD_RUNPATH_SEARCH_PATHS = "$(inherited) @executable_path/Frameworks";
				PRODUCT_BUNDLE_IDENTIFIER = com.ken.BodyMetrics;
				PRODUCT_NAME = "$(TARGET_NAME)";
				SWIFT_OBJC_BRIDGING_HEADER = BodyMetrics/BodyMetricsBridging.h;
			};
			name = Debug;
		};
		C1B20FB81BFBE9A7002C72E9 /* Release */ = {
			isa = XCBuildConfiguration;
			baseConfigurationReference = A47138EF96DC9527A779C96B /* Pods-BodyMetrics.release.xcconfig */;
			buildSettings = {
				ASSETCATALOG_COMPILER_APPICON_NAME = AppIcon;
				FRAMEWORK_SEARCH_PATHS = (
					"$(inherited)",
					"$(PROJECT_DIR)/BodyMetrics",
				);
				INFOPLIST_FILE = BodyMetrics/Info.plist;
				LD_RUNPATH_SEARCH_PATHS = "$(inherited) @executable_path/Frameworks";
				PRODUCT_BUNDLE_IDENTIFIER = com.ken.BodyMetrics;
				PRODUCT_NAME = "$(TARGET_NAME)";
				SWIFT_OBJC_BRIDGING_HEADER = BodyMetrics/BodyMetricsBridging.h;
			};
			name = Release;
		};
		C1B20FBA1BFBE9A7002C72E9 /* Debug */ = {
			isa = XCBuildConfiguration;
			buildSettings = {
				BUNDLE_LOADER = "$(TEST_HOST)";
				INFOPLIST_FILE = BodyMetricsTests/Info.plist;
				LD_RUNPATH_SEARCH_PATHS = "$(inherited) @executable_path/Frameworks @loader_path/Frameworks";
				PRODUCT_BUNDLE_IDENTIFIER = com.ken.BodyMetricsTests;
				PRODUCT_NAME = "$(TARGET_NAME)";
				TEST_HOST = "$(BUILT_PRODUCTS_DIR)/BodyMetrics.app/BodyMetrics";
			};
			name = Debug;
		};
		C1B20FBB1BFBE9A7002C72E9 /* Release */ = {
			isa = XCBuildConfiguration;
			buildSettings = {
				BUNDLE_LOADER = "$(TEST_HOST)";
				INFOPLIST_FILE = BodyMetricsTests/Info.plist;
				LD_RUNPATH_SEARCH_PATHS = "$(inherited) @executable_path/Frameworks @loader_path/Frameworks";
				PRODUCT_BUNDLE_IDENTIFIER = com.ken.BodyMetricsTests;
				PRODUCT_NAME = "$(TARGET_NAME)";
				TEST_HOST = "$(BUILT_PRODUCTS_DIR)/BodyMetrics.app/BodyMetrics";
			};
			name = Release;
		};
		C1B20FBD1BFBE9A7002C72E9 /* Debug */ = {
			isa = XCBuildConfiguration;
			buildSettings = {
				INFOPLIST_FILE = BodyMetricsUITests/Info.plist;
				LD_RUNPATH_SEARCH_PATHS = "$(inherited) @executable_path/Frameworks @loader_path/Frameworks";
				PRODUCT_BUNDLE_IDENTIFIER = com.ken.BodyMetricsUITests;
				PRODUCT_NAME = "$(TARGET_NAME)";
				TEST_TARGET_NAME = BodyMetrics;
				USES_XCTRUNNER = YES;
			};
			name = Debug;
		};
		C1B20FBE1BFBE9A7002C72E9 /* Release */ = {
			isa = XCBuildConfiguration;
			buildSettings = {
				INFOPLIST_FILE = BodyMetricsUITests/Info.plist;
				LD_RUNPATH_SEARCH_PATHS = "$(inherited) @executable_path/Frameworks @loader_path/Frameworks";
				PRODUCT_BUNDLE_IDENTIFIER = com.ken.BodyMetricsUITests;
				PRODUCT_NAME = "$(TARGET_NAME)";
				TEST_TARGET_NAME = BodyMetrics;
				USES_XCTRUNNER = YES;
			};
			name = Release;
		};
/* End XCBuildConfiguration section */

/* Begin XCConfigurationList section */
		C1B20F891BFBE9A7002C72E9 /* Build configuration list for PBXProject "BodyMetrics" */ = {
			isa = XCConfigurationList;
			buildConfigurations = (
				C1B20FB41BFBE9A7002C72E9 /* Debug */,
				C1B20FB51BFBE9A7002C72E9 /* Release */,
			);
			defaultConfigurationIsVisible = 0;
			defaultConfigurationName = Release;
		};
		C1B20FB61BFBE9A7002C72E9 /* Build configuration list for PBXNativeTarget "BodyMetrics" */ = {
			isa = XCConfigurationList;
			buildConfigurations = (
				C1B20FB71BFBE9A7002C72E9 /* Debug */,
				C1B20FB81BFBE9A7002C72E9 /* Release */,
			);
			defaultConfigurationIsVisible = 0;
			defaultConfigurationName = Release;
		};
		C1B20FB91BFBE9A7002C72E9 /* Build configuration list for PBXNativeTarget "BodyMetricsTests" */ = {
			isa = XCConfigurationList;
			buildConfigurations = (
				C1B20FBA1BFBE9A7002C72E9 /* Debug */,
				C1B20FBB1BFBE9A7002C72E9 /* Release */,
			);
			defaultConfigurationIsVisible = 0;
			defaultConfigurationName = Release;
		};
		C1B20FBC1BFBE9A7002C72E9 /* Build configuration list for PBXNativeTarget "BodyMetricsUITests" */ = {
			isa = XCConfigurationList;
			buildConfigurations = (
				C1B20FBD1BFBE9A7002C72E9 /* Debug */,
				C1B20FBE1BFBE9A7002C72E9 /* Release */,
			);
			defaultConfigurationIsVisible = 0;
			defaultConfigurationName = Release;
		};
/* End XCConfigurationList section */
	};
	rootObject = C1B20F861BFBE9A7002C72E9 /* Project object */;
}
